{
  "name": "skydesign-flight-deal-finder",
  "version": "1.0.0",
  "lockfileVersion": 3,
  "requires": true,
  "packages": {
    "": {
      "name": "skydesign-flight-deal-finder",
      "version": "1.0.0",
      "dependencies": {
        "basic-ftp": "^5.0.5",
        "dotenv": "^16.4.7"
      },
      "engines": {
        "node": "20.x"
      }
    },
    "node_modules/basic-ftp": {
      "version": "5.3.1",
      "resolved": "https://registry.npmjs.org/basic-ftp/-/basic-ftp-5.3.1.tgz",
      "integrity": "sha512-bopVNp6ugyA150DDuZfPFdt1KZ5a94ZDiwX4hMgZDzF+GttD80lEy8kj98kbyhLXnPvhtIo93mdnLIjpCAeeOw==",
      "license": "MIT",
      "engines": {
        "node": ">=10.0.0"
      }
    },
    "node_modules/dotenv": {
      "version": "16.6.1",
      "resolved": "https://registry.npmjs.org/dotenv/-/dotenv-16.6.1.tgz",
      "integrity": "sha512-uBq4egWHTcTt33a72vpSG0z3HnPuIl6NqYcTrKEg2azoEyl2hpW0zqlxysq2pK9HlDIHyHyakeYaYnSAwd8bow==",
      "license": "BSD-2-Clause",
      "engines": {
        "node": ">=12"
      },
      "funding": {
        "url": "https://dotenvx.com"
      }
    }
  }
}
